github.com/FachrulAziz/go-say-hellooo v1.0.0 h1:7K1FrIXlCmysfo/v6IwSDOtqF96ZTNrPD7vjs1fyX9Q=
github.com/FachrulAziz/go-say-hellooo v1.0.0/go.mod h1:RweAe9VX2Vs9MmX2EXsF5dzE8T1Vne6EBHKVbL4tWy8=
github.com/FachrulAziz/go-say-hellooo v1.5.0 h1:G+Ovq4sAM82mwJ1J2CwkH30WN1KMNsGRefQRpvSj5IQ=
github.com/FachrulAziz/go-say-hellooo v1.5.0/go.mod h1:RweAe9VX2Vs9MmX2EXsF5dzE8T1Vne6EBHKVbL4tWy8=
github.com/FachrulAziz/go-say-hellooo/v2 v2.0.0 h1:CpvwtgY3pD0Slrle9GXkD6TpDeG2PYuc5zYdAFY7xGw=
github.com/FachrulAziz/go-say-hellooo/v2 v2.0.0/go.mod h1:1xX6O9tmFzOKCWL3Ma9/bcsYXFtdlTJdQplUtwPo/9Y=
